
Microsoft Visual Studio Solution File, Format Version 12.00
# Visual Studio Version 16
VisualStudioVersion = 16.0.31205.134
MinimumVisualStudioVersion = 10.0.40219.1
Project("{FAE04EC0-301F-11D3-BF4B-00C04F79EFBC}") = "Catalog_films_test", "Catalog_films_test.csproj", "{2130BD1C-4C3F-4D32-87CA-D8E591EAF8CA}"
EndProject
Global
	GlobalSection(SolutionConfigurationPlatforms) = preSolution
		Debug|Any CPU = Debug|Any CPU
		Release|Any CPU = Release|Any CPU
	EndGlobalSection
	GlobalSection(ProjectConfigurationPlatforms) = postSolution
		{2130BD1C-4C3F-4D32-87CA-D8E591EAF8CA}.Debug|Any CPU.ActiveCfg = Debug|Any CPU
		{2130BD1C-4C3F-4D32-87CA-D8E591EAF8CA}.Debug|Any CPU.Build.0 = Debug|Any CPU
		{2130BD1C-4C3F-4D32-87CA-D8E591EAF8CA}.Release|Any CPU.ActiveCfg = Release|Any CPU
		{2130BD1C-4C3F-4D32-87CA-D8E591EAF8CA}.Release|Any CPU.Build.0 = Release|Any CPU
	EndGlobalSection
	GlobalSection(SolutionProperties) = preSolution
		HideSolutionNode = FALSE
	EndGlobalSection
	GlobalSection(ExtensibilityGlobals) = postSolution
		SolutionGuid = {899630DD-09AC-4FE3-B113-6DA746322CB2}
	EndGlobalSection
EndGlobal
